
Microsoft Visual Studio Solution File, Format Version 12.00
# Visual Studio Version 17
VisualStudioVersion = 17.9.34902.65
MinimumVisualStudioVersion = 10.0.40219.1
Project("{9A19103F-16F7-4668-BE54-9A1E7A4F7556}") = "E_CommerceSystem", "E-CommerceSystem\E_CommerceSystem.csproj", "{8DBDEC75-5D79-4B0D-9A90-D27AB981598D}"
EndProject
Project("{9A19103F-16F7-4668-BE54-9A1E7A4F7556}") = "E_CommerceSystem.BLL", "E-CommerceSystem.BLL\E_CommerceSystem.BLL.csproj", "{811CEEE0-4759-426F-9417-D40E21F4BA66}"
EndProject
Project("{9A19103F-16F7-4668-BE54-9A1E7A4F7556}") = "E_CommerceSystem.DAL", "E-CommerceSystem.DAL\E_CommerceSystem.DAL.csproj", "{C4866ECA-A133-4D9F-A10C-B2FCA74EB8A4}"
EndProject
Project("{9A19103F-16F7-4668-BE54-9A1E7A4F7556}") = "E_CommerceSystem.Entities", "E-CommerceSystem.Entities\E_CommerceSystem.Entities.csproj", "{72E8DF67-9F2E-45D6-9411-E45755BBAD8D}"
EndProject
Project("{9A19103F-16F7-4668-BE54-9A1E7A4F7556}") = "E_CommerceSystem.DTOs", "DTOs\E_CommerceSystem.DTOs.csproj", "{D9156631-B17A-4E64-9F40-87F8E9E081D7}"
EndProject
Global
	GlobalSection(SolutionConfigurationPlatforms) = preSolution
		Debug|Any CPU = Debug|Any CPU
		Release|Any CPU = Release|Any CPU
	EndGlobalSection
	GlobalSection(ProjectConfigurationPlatforms) = postSolution
		{8DBDEC75-5D79-4B0D-9A90-D27AB981598D}.Debug|Any CPU.ActiveCfg = Debug|Any CPU
		{8DBDEC75-5D79-4B0D-9A90-D27AB981598D}.Debug|Any CPU.Build.0 = Debug|Any CPU
		{8DBDEC75-5D79-4B0D-9A90-D27AB981598D}.Release|Any CPU.ActiveCfg = Release|Any CPU
		{8DBDEC75-5D79-4B0D-9A90-D27AB981598D}.Release|Any CPU.Build.0 = Release|Any CPU
		{811CEEE0-4759-426F-9417-D40E21F4BA66}.Debug|Any CPU.ActiveCfg = Debug|Any CPU
		{811CEEE0-4759-426F-9417-D40E21F4BA66}.Debug|Any CPU.Build.0 = Debug|Any CPU
		{811CEEE0-4759-426F-9417-D40E21F4BA66}.Release|Any CPU.ActiveCfg = Release|Any CPU
		{811CEEE0-4759-426F-9417-D40E21F4BA66}.Release|Any CPU.Build.0 = Release|Any CPU
		{C4866ECA-A133-4D9F-A10C-B2FCA74EB8A4}.Debug|Any CPU.ActiveCfg = Debug|Any CPU
		{C4866ECA-A133-4D9F-A10C-B2FCA74EB8A4}.Debug|Any CPU.Build.0 = Debug|Any CPU
		{C4866ECA-A133-4D9F-A10C-B2FCA74EB8A4}.Release|Any CPU.ActiveCfg = Release|Any CPU
		{C4866ECA-A133-4D9F-A10C-B2FCA74EB8A4}.Release|Any CPU.Build.0 = Release|Any CPU
		{72E8DF67-9F2E-45D6-9411-E45755BBAD8D}.Debug|Any CPU.ActiveCfg = Debug|Any CPU
		{72E8DF67-9F2E-45D6-9411-E45755BBAD8D}.Debug|Any CPU.Build.0 = Debug|Any CPU
		{72E8DF67-9F2E-45D6-9411-E45755BBAD8D}.Release|Any CPU.ActiveCfg = Release|Any CPU
		{72E8DF67-9F2E-45D6-9411-E45755BBAD8D}.Release|Any CPU.Build.0 = Release|Any CPU
		{D9156631-B17A-4E64-9F40-87F8E9E081D7}.Debug|Any CPU.ActiveCfg = Debug|Any CPU
		{D9156631-B17A-4E64-9F40-87F8E9E081D7}.Debug|Any CPU.Build.0 = Debug|Any CPU
		{D9156631-B17A-4E64-9F40-87F8E9E081D7}.Release|Any CPU.ActiveCfg = Release|Any CPU
		{D9156631-B17A-4E64-9F40-87F8E9E081D7}.Release|Any CPU.Build.0 = Release|Any CPU
	EndGlobalSection
	GlobalSection(SolutionProperties) = preSolution
		HideSolutionNode = FALSE
	EndGlobalSection
	GlobalSection(ExtensibilityGlobals) = postSolution
		SolutionGuid = {B38E5FAC-94C3-4570-AF42-A35103FA5BB6}
	EndGlobalSection
EndGlobal
